
Microsoft Visual Studio Solution File, Format Version 12.00
# Visual Studio Version 16
VisualStudioVersion = 16.0.30804.86
MinimumVisualStudioVersion = 10.0.40219.1
Project("{FAE04EC0-301F-11D3-BF4B-00C04F79EFBC}") = "orocomWS", "orocomWS\orocomWS.csproj", "{FAC84903-60E7-4600-8C0F-F25442C46697}"
EndProject
Global
	GlobalSection(SolutionConfigurationPlatforms) = preSolution
		Debug|Any CPU = Debug|Any CPU
		Release|Any CPU = Release|Any CPU
	EndGlobalSection
	GlobalSection(ProjectConfigurationPlatforms) = postSolution
		{FAC84903-60E7-4600-8C0F-F25442C46697}.Debug|Any CPU.ActiveCfg = Debug|Any CPU
		{FAC84903-60E7-4600-8C0F-F25442C46697}.Debug|Any CPU.Build.0 = Debug|Any CPU
		{FAC84903-60E7-4600-8C0F-F25442C46697}.Release|Any CPU.ActiveCfg = Release|Any CPU
		{FAC84903-60E7-4600-8C0F-F25442C46697}.Release|Any CPU.Build.0 = Release|Any CPU
	EndGlobalSection
	GlobalSection(SolutionProperties) = preSolution
		HideSolutionNode = FALSE
	EndGlobalSection
	GlobalSection(ExtensibilityGlobals) = postSolution
		SolutionGuid = {ADF1DD42-77F9-4D37-B6D5-5041009EBDAD}
	EndGlobalSection
EndGlobal
